// !$*UTF8*$!
{
	archiveVersion = 1;
	classes = {
	};
	objectVersion = 56;
	objects = {

/* Begin PBXBuildFile section */
		802047DE2C93DF1200F07CE4 /* FlavorShare_iOSApp.swift in Sources */ = {isa = PBXBuildFile; fileRef = 802047DD2C93DF1200F07CE4 /* FlavorShare_iOSApp.swift */; };
		802047E02C93DF1200F07CE4 /* ContentView.swift in Sources */ = {isa = PBXBuildFile; fileRef = 802047DF2C93DF1200F07CE4 /* ContentView.swift */; };
		802047E22C93DF1400F07CE4 /* Assets.xcassets in Resources */ = {isa = PBXBuildFile; fileRef = 802047E12C93DF1400F07CE4 /* Assets.xcassets */; };
		802047E52C93DF1400F07CE4 /* Preview Assets.xcassets in Resources */ = {isa = PBXBuildFile; fileRef = 802047E42C93DF1400F07CE4 /* Preview Assets.xcassets */; };
		802047F82C93E0FB00F07CE4 /* RecipeView.swift in Sources */ = {isa = PBXBuildFile; fileRef = 802047F72C93E0FB00F07CE4 /* RecipeView.swift */; };
		802047FA2C93E11600F07CE4 /* RecipeListView.swift in Sources */ = {isa = PBXBuildFile; fileRef = 802047F92C93E11600F07CE4 /* RecipeListView.swift */; };
		802047FC2C93E12D00F07CE4 /* RecipeEditorView.swift in Sources */ = {isa = PBXBuildFile; fileRef = 802047FB2C93E12D00F07CE4 /* RecipeEditorView.swift */; };
		802047FE2C93E4CB00F07CE4 /* Recipe.swift in Sources */ = {isa = PBXBuildFile; fileRef = 802047FD2C93E4CB00F07CE4 /* Recipe.swift */; };
		802048042C94810500F07CE4 /* NutritionalValues.swift in Sources */ = {isa = PBXBuildFile; fileRef = 802048032C94810500F07CE4 /* NutritionalValues.swift */; };
		802048062C94811D00F07CE4 /* Instruction.swift in Sources */ = {isa = PBXBuildFile; fileRef = 802048052C94811D00F07CE4 /* Instruction.swift */; };
		802048082C94814100F07CE4 /* Ingredient.swift in Sources */ = {isa = PBXBuildFile; fileRef = 802048072C94814100F07CE4 /* Ingredient.swift */; };
		8020480A2C94814900F07CE4 /* User.swift in Sources */ = {isa = PBXBuildFile; fileRef = 802048092C94814900F07CE4 /* User.swift */; };
		8020480C2C94946000F07CE4 /* RecipeAPIService.swift in Sources */ = {isa = PBXBuildFile; fileRef = 8020480B2C94946000F07CE4 /* RecipeAPIService.swift */; };
		8020480E2C94949000F07CE4 /* RecipeListViewModel.swift in Sources */ = {isa = PBXBuildFile; fileRef = 8020480D2C94949000F07CE4 /* RecipeListViewModel.swift */; };
		802048142C949E9500F07CE4 /* DateFormatter.swift in Sources */ = {isa = PBXBuildFile; fileRef = 802048132C949E9500F07CE4 /* DateFormatter.swift */; };
		802048162C94A5C000F07CE4 /* RecipeEditorViewModel.swift in Sources */ = {isa = PBXBuildFile; fileRef = 802048152C94A5C000F07CE4 /* RecipeEditorViewModel.swift */; };
		802048182C9501A500F07CE4 /* GoogleService-Info.plist in Resources */ = {isa = PBXBuildFile; fileRef = 802048172C9501A500F07CE4 /* GoogleService-Info.plist */; };
		8020481B2C95021C00F07CE4 /* FirebaseAuth in Frameworks */ = {isa = PBXBuildFile; productRef = 8020481A2C95021C00F07CE4 /* FirebaseAuth */; };
		8020481E2C9502FB00F07CE4 /* AuthViewModel.swift in Sources */ = {isa = PBXBuildFile; fileRef = 8020481D2C9502FB00F07CE4 /* AuthViewModel.swift */; };
		802048202C95031C00F07CE4 /* AuthView.swift in Sources */ = {isa = PBXBuildFile; fileRef = 8020481F2C95031C00F07CE4 /* AuthView.swift */; };
		802048232C95042700F07CE4 /* AuthService.swift in Sources */ = {isa = PBXBuildFile; fileRef = 802048222C95042700F07CE4 /* AuthService.swift */; };
		802048252C95055600F07CE4 /* UserAPIService.swift in Sources */ = {isa = PBXBuildFile; fileRef = 802048242C95055600F07CE4 /* UserAPIService.swift */; };
		80326AF22C95EF26009C40C4 /* UserListConfig.swift in Sources */ = {isa = PBXBuildFile; fileRef = 80326AF12C95EF26009C40C4 /* UserListConfig.swift */; };
		80326AF42C971AE8009C40C4 /* ContentViewModel.swift in Sources */ = {isa = PBXBuildFile; fileRef = 80326AF32C971AE8009C40C4 /* ContentViewModel.swift */; };
		80326AF82C97A0FE009C40C4 /* MockData.swift in Sources */ = {isa = PBXBuildFile; fileRef = 80326AF72C97A0FE009C40C4 /* MockData.swift */; };
		80326B032C9B5E3D009C40C4 /* SDWebImageMapKit in Frameworks */ = {isa = PBXBuildFile; productRef = 80326B022C9B5E3D009C40C4 /* SDWebImageMapKit */; };
		80326B062C9B5E50009C40C4 /* SDWebImageWebPCoder in Frameworks */ = {isa = PBXBuildFile; productRef = 80326B052C9B5E50009C40C4 /* SDWebImageWebPCoder */; };
		80326B082C9B5EBA009C40C4 /* ImageConverter.swift in Sources */ = {isa = PBXBuildFile; fileRef = 80326B072C9B5EBA009C40C4 /* ImageConverter.swift */; };
		80326B0A2C9B66A9009C40C4 /* ImagePicker.swift in Sources */ = {isa = PBXBuildFile; fileRef = 80326B092C9B66A9009C40C4 /* ImagePicker.swift */; };
		80326B0C2C9B6832009C40C4 /* ImageStorageService.swift in Sources */ = {isa = PBXBuildFile; fileRef = 80326B0B2C9B6832009C40C4 /* ImageStorageService.swift */; };
		80326B0E2C9B6A1A009C40C4 /* .env in Resources */ = {isa = PBXBuildFile; fileRef = 80326B0D2C9B6A1A009C40C4 /* .env */; };
		80326B102C9B6AD5009C40C4 /* .gitignore in Resources */ = {isa = PBXBuildFile; fileRef = 80326B0F2C9B6AD5009C40C4 /* .gitignore */; };
		80326B162C9C7209009C40C4 /* EnvironmentVariables.swift in Sources */ = {isa = PBXBuildFile; fileRef = 80326B152C9C7209009C40C4 /* EnvironmentVariables.swift */; };
		80326B222C9C9AB1009C40C4 /* AWSCore in Frameworks */ = {isa = PBXBuildFile; productRef = 80326B212C9C9AB1009C40C4 /* AWSCore */; };
		80326B242C9C9AB1009C40C4 /* AWSS3 in Frameworks */ = {isa = PBXBuildFile; productRef = 80326B232C9C9AB1009C40C4 /* AWSS3 */; };
		80326B262C9C9D55009C40C4 /* SDWebImage in Frameworks */ = {isa = PBXBuildFile; productRef = 80326B252C9C9D55009C40C4 /* SDWebImage */; };
		8063530E2C9CC5F30021AAD2 /* RemoteImageView.swift in Sources */ = {isa = PBXBuildFile; fileRef = 8063530D2C9CC5F30021AAD2 /* RemoteImageView.swift */; };
/* End PBXBuildFile section */

/* Begin PBXFileReference section */
		802047DA2C93DF1200F07CE4 /* FlavorShare_iOS.app */ = {isa = PBXFileReference; explicitFileType = wrapper.application; includeInIndex = 0; path = FlavorShare_iOS.app; sourceTree = BUILT_PRODUCTS_DIR; };
		802047DD2C93DF1200F07CE4 /* FlavorShare_iOSApp.swift */ = {isa = PBXFileReference; lastKnownFileType = sourcecode.swift; path = FlavorShare_iOSApp.swift; sourceTree = "<group>"; };
		802047DF2C93DF1200F07CE4 /* ContentView.swift */ = {isa = PBXFileReference; lastKnownFileType = sourcecode.swift; path = ContentView.swift; sourceTree = "<group>"; };
		802047E12C93DF1400F07CE4 /* Assets.xcassets */ = {isa = PBXFileReference; lastKnownFileType = folder.assetcatalog; path = Assets.xcassets; sourceTree = "<group>"; };
		802047E42C93DF1400F07CE4 /* Preview Assets.xcassets */ = {isa = PBXFileReference; lastKnownFileType = folder.assetcatalog; path = "Preview Assets.xcassets"; sourceTree = "<group>"; };
		802047F72C93E0FB00F07CE4 /* RecipeView.swift */ = {isa = PBXFileReference; lastKnownFileType = sourcecode.swift; path = RecipeView.swift; sourceTree = "<group>"; };
		802047F92C93E11600F07CE4 /* RecipeListView.swift */ = {isa = PBXFileReference; lastKnownFileType = sourcecode.swift; path = RecipeListView.swift; sourceTree = "<group>"; };
		802047FB2C93E12D00F07CE4 /* RecipeEditorView.swift */ = {isa = PBXFileReference; lastKnownFileType = sourcecode.swift; path = RecipeEditorView.swift; sourceTree = "<group>"; };
		802047FD2C93E4CB00F07CE4 /* Recipe.swift */ = {isa = PBXFileReference; lastKnownFileType = sourcecode.swift; path = Recipe.swift; sourceTree = "<group>"; };
		802048032C94810500F07CE4 /* NutritionalValues.swift */ = {isa = PBXFileReference; lastKnownFileType = sourcecode.swift; path = NutritionalValues.swift; sourceTree = "<group>"; };
		802048052C94811D00F07CE4 /* Instruction.swift */ = {isa = PBXFileReference; lastKnownFileType = sourcecode.swift; path = Instruction.swift; sourceTree = "<group>"; };
		802048072C94814100F07CE4 /* Ingredient.swift */ = {isa = PBXFileReference; lastKnownFileType = sourcecode.swift; path = Ingredient.swift; sourceTree = "<group>"; };
		802048092C94814900F07CE4 /* User.swift */ = {isa = PBXFileReference; lastKnownFileType = sourcecode.swift; path = User.swift; sourceTree = "<group>"; };
		8020480B2C94946000F07CE4 /* RecipeAPIService.swift */ = {isa = PBXFileReference; lastKnownFileType = sourcecode.swift; path = RecipeAPIService.swift; sourceTree = "<group>"; };
		8020480D2C94949000F07CE4 /* RecipeListViewModel.swift */ = {isa = PBXFileReference; lastKnownFileType = sourcecode.swift; path = RecipeListViewModel.swift; sourceTree = "<group>"; };
		802048132C949E9500F07CE4 /* DateFormatter.swift */ = {isa = PBXFileReference; lastKnownFileType = sourcecode.swift; path = DateFormatter.swift; sourceTree = "<group>"; };
		802048152C94A5C000F07CE4 /* RecipeEditorViewModel.swift */ = {isa = PBXFileReference; lastKnownFileType = sourcecode.swift; path = RecipeEditorViewModel.swift; sourceTree = "<group>"; };
		802048172C9501A500F07CE4 /* GoogleService-Info.plist */ = {isa = PBXFileReference; fileEncoding = 4; lastKnownFileType = text.plist.xml; path = "GoogleService-Info.plist"; sourceTree = "<group>"; };
		8020481D2C9502FB00F07CE4 /* AuthViewModel.swift */ = {isa = PBXFileReference; lastKnownFileType = sourcecode.swift; path = AuthViewModel.swift; sourceTree = "<group>"; };
		8020481F2C95031C00F07CE4 /* AuthView.swift */ = {isa = PBXFileReference; lastKnownFileType = sourcecode.swift; path = AuthView.swift; sourceTree = "<group>"; };
		802048222C95042700F07CE4 /* AuthService.swift */ = {isa = PBXFileReference; lastKnownFileType = sourcecode.swift; path = AuthService.swift; sourceTree = "<group>"; };
		802048242C95055600F07CE4 /* UserAPIService.swift */ = {isa = PBXFileReference; lastKnownFileType = sourcecode.swift; path = UserAPIService.swift; sourceTree = "<group>"; };
		80326AF12C95EF26009C40C4 /* UserListConfig.swift */ = {isa = PBXFileReference; lastKnownFileType = sourcecode.swift; path = UserListConfig.swift; sourceTree = "<group>"; };
		80326AF32C971AE8009C40C4 /* ContentViewModel.swift */ = {isa = PBXFileReference; lastKnownFileType = sourcecode.swift; name = ContentViewModel.swift; path = ../../../../../../../../Applications/ContentViewModel.swift; sourceTree = "<group>"; };
		80326AF72C97A0FE009C40C4 /* MockData.swift */ = {isa = PBXFileReference; lastKnownFileType = sourcecode.swift; path = MockData.swift; sourceTree = "<group>"; };
		80326AFD2C97A279009C40C4 /* ContentViewModel.swift */ = {isa = PBXFileReference; lastKnownFileType = sourcecode.swift; path = ContentViewModel.swift; sourceTree = "<group>"; };
		80326AFE2C97A282009C40C4 /* ContentViewModel.swift */ = {isa = PBXFileReference; lastKnownFileType = sourcecode.swift; name = ContentViewModel.swift; path = ../../../../../../../../../Applications/ContentViewModel.swift; sourceTree = "<group>"; };
		80326B072C9B5EBA009C40C4 /* ImageConverter.swift */ = {isa = PBXFileReference; lastKnownFileType = sourcecode.swift; path = ImageConverter.swift; sourceTree = "<group>"; };
		80326B092C9B66A9009C40C4 /* ImagePicker.swift */ = {isa = PBXFileReference; lastKnownFileType = sourcecode.swift; path = ImagePicker.swift; sourceTree = "<group>"; };
		80326B0B2C9B6832009C40C4 /* ImageStorageService.swift */ = {isa = PBXFileReference; lastKnownFileType = sourcecode.swift; path = ImageStorageService.swift; sourceTree = "<group>"; };
		80326B0D2C9B6A1A009C40C4 /* .env */ = {isa = PBXFileReference; lastKnownFileType = text; path = .env; sourceTree = "<group>"; };
		80326B0F2C9B6AD5009C40C4 /* .gitignore */ = {isa = PBXFileReference; lastKnownFileType = text; path = .gitignore; sourceTree = "<group>"; };
		80326B112C9C5114009C40C4 /* Config.xcconfig */ = {isa = PBXFileReference; lastKnownFileType = text.xcconfig; path = Config.xcconfig; sourceTree = "<group>"; };
		80326B142C9C70A6009C40C4 /* FlavorShare-iOS-Info.plist */ = {isa = PBXFileReference; lastKnownFileType = text.plist; path = "FlavorShare-iOS-Info.plist"; sourceTree = SOURCE_ROOT; };
		80326B152C9C7209009C40C4 /* EnvironmentVariables.swift */ = {isa = PBXFileReference; lastKnownFileType = sourcecode.swift; path = EnvironmentVariables.swift; sourceTree = "<group>"; };
		8063530D2C9CC5F30021AAD2 /* RemoteImageView.swift */ = {isa = PBXFileReference; lastKnownFileType = sourcecode.swift; path = RemoteImageView.swift; sourceTree = "<group>"; };
/* End PBXFileReference section */

/* Begin PBXFrameworksBuildPhase section */
		802047D72C93DF1200F07CE4 /* Frameworks */ = {
			isa = PBXFrameworksBuildPhase;
			buildActionMask = 2147483647;
			files = (
				80326B262C9C9D55009C40C4 /* SDWebImage in Frameworks */,
				80326B242C9C9AB1009C40C4 /* AWSS3 in Frameworks */,
				80326B032C9B5E3D009C40C4 /* SDWebImageMapKit in Frameworks */,
				80326B062C9B5E50009C40C4 /* SDWebImageWebPCoder in Frameworks */,
				8020481B2C95021C00F07CE4 /* FirebaseAuth in Frameworks */,
				80326B222C9C9AB1009C40C4 /* AWSCore in Frameworks */,
			);
			runOnlyForDeploymentPostprocessing = 0;
		};
/* End PBXFrameworksBuildPhase section */

/* Begin PBXGroup section */
		802047D12C93DF1200F07CE4 = {
			isa = PBXGroup;
			children = (
				802047DC2C93DF1200F07CE4 /* FlavorShare_iOS */,
				802047DB2C93DF1200F07CE4 /* Products */,
				80326B1B2C9C9764009C40C4 /* Frameworks */,
			);
			sourceTree = "<group>";
		};
		802047DB2C93DF1200F07CE4 /* Products */ = {
			isa = PBXGroup;
			children = (
				802047DA2C93DF1200F07CE4 /* FlavorShare_iOS.app */,
			);
			name = Products;
			sourceTree = "<group>";
		};
		802047DC2C93DF1200F07CE4 /* FlavorShare_iOS */ = {
			isa = PBXGroup;
			children = (
				80326B142C9C70A6009C40C4 /* FlavorShare-iOS-Info.plist */,
				802048172C9501A500F07CE4 /* GoogleService-Info.plist */,
				802047E12C93DF1400F07CE4 /* Assets.xcassets */,
				802047EB2C93DFE100F07CE4 /* App */,
				802047EC2C93E00300F07CE4 /* Components */,
				802047ED2C93E01000F07CE4 /* Core */,
				802047EE2C93E01700F07CE4 /* Extensions */,
				802047EF2C93E01E00F07CE4 /* Models */,
				802047E32C93DF1400F07CE4 /* Preview Content */,
				802047F12C93E02E00F07CE4 /* Services */,
				802047F22C93E03500F07CE4 /* Utils */,
				80326B0D2C9B6A1A009C40C4 /* .env */,
				80326B0F2C9B6AD5009C40C4 /* .gitignore */,
				80326B112C9C5114009C40C4 /* Config.xcconfig */,
			);
			path = FlavorShare_iOS;
			sourceTree = "<group>";
		};
		802047E32C93DF1400F07CE4 /* Preview Content */ = {
			isa = PBXGroup;
			children = (
				802047E42C93DF1400F07CE4 /* Preview Assets.xcassets */,
			);
			path = "Preview Content";
			sourceTree = "<group>";
		};
		802047EB2C93DFE100F07CE4 /* App */ = {
			isa = PBXGroup;
			children = (
				802047DD2C93DF1200F07CE4 /* FlavorShare_iOSApp.swift */,
			);
			path = App;
			sourceTree = "<group>";
		};
		802047EC2C93E00300F07CE4 /* Components */ = {
			isa = PBXGroup;
			children = (
				80326B092C9B66A9009C40C4 /* ImagePicker.swift */,
				8063530D2C9CC5F30021AAD2 /* RemoteImageView.swift */,
			);
			path = Components;
			sourceTree = "<group>";
		};
		802047ED2C93E01000F07CE4 /* Core */ = {
			isa = PBXGroup;
			children = (
				8020481C2C9502D900F07CE4 /* Auth */,
				802047F42C93E0BE00F07CE4 /* Recipe */,
				802047F32C93E09100F07CE4 /* Root */,
			);
			path = Core;
			sourceTree = "<group>";
		};
		802047EE2C93E01700F07CE4 /* Extensions */ = {
			isa = PBXGroup;
			children = (
				802048132C949E9500F07CE4 /* DateFormatter.swift */,
			);
			path = Extensions;
			sourceTree = "<group>";
		};
		802047EF2C93E01E00F07CE4 /* Models */ = {
			isa = PBXGroup;
			children = (
				80326AF02C95EEED009C40C4 /* UserModels */,
				80326AEF2C95EEE2009C40C4 /* RecipeModels */,
			);
			path = Models;
			sourceTree = "<group>";
		};
		802047F12C93E02E00F07CE4 /* Services */ = {
			isa = PBXGroup;
			children = (
				8020480B2C94946000F07CE4 /* RecipeAPIService.swift */,
				802048222C95042700F07CE4 /* AuthService.swift */,
				802048242C95055600F07CE4 /* UserAPIService.swift */,
				80326B0B2C9B6832009C40C4 /* ImageStorageService.swift */,
			);
			path = Services;
			sourceTree = "<group>";
		};
		802047F22C93E03500F07CE4 /* Utils */ = {
			isa = PBXGroup;
			children = (
				80326AF72C97A0FE009C40C4 /* MockData.swift */,
				80326B072C9B5EBA009C40C4 /* ImageConverter.swift */,
				80326B152C9C7209009C40C4 /* EnvironmentVariables.swift */,
			);
			path = Utils;
			sourceTree = "<group>";
		};
		802047F32C93E09100F07CE4 /* Root */ = {
			isa = PBXGroup;
			children = (
				80326AFC2C97A273009C40C4 /* VIewModels */,
				80326AFB2C97A26D009C40C4 /* Views */,
				80326AF32C971AE8009C40C4 /* ContentViewModel.swift */,
			);
			path = Root;
			sourceTree = "<group>";
		};
		802047F42C93E0BE00F07CE4 /* Recipe */ = {
			isa = PBXGroup;
			children = (
				802047F62C93E0DC00F07CE4 /* ViewModels */,
				802047F52C93E0D400F07CE4 /* Views */,
			);
			path = Recipe;
			sourceTree = "<group>";
		};
		802047F52C93E0D400F07CE4 /* Views */ = {
			isa = PBXGroup;
			children = (
				802047FB2C93E12D00F07CE4 /* RecipeEditorView.swift */,
				802047F72C93E0FB00F07CE4 /* RecipeView.swift */,
				802047F92C93E11600F07CE4 /* RecipeListView.swift */,
			);
			path = Views;
			sourceTree = "<group>";
		};
		802047F62C93E0DC00F07CE4 /* ViewModels */ = {
			isa = PBXGroup;
			children = (
				8020480D2C94949000F07CE4 /* RecipeListViewModel.swift */,
				802048152C94A5C000F07CE4 /* RecipeEditorViewModel.swift */,
			);
			path = ViewModels;
			sourceTree = "<group>";
		};
		8020481C2C9502D900F07CE4 /* Auth */ = {
			isa = PBXGroup;
			children = (
				80326AFA2C97A255009C40C4 /* ViewModels */,
				80326AF92C97A24C009C40C4 /* Views */,
			);
			path = Auth;
			sourceTree = "<group>";
		};
		80326AEF2C95EEE2009C40C4 /* RecipeModels */ = {
			isa = PBXGroup;
			children = (
				802047FD2C93E4CB00F07CE4 /* Recipe.swift */,
				802048032C94810500F07CE4 /* NutritionalValues.swift */,
				802048052C94811D00F07CE4 /* Instruction.swift */,
				802048072C94814100F07CE4 /* Ingredient.swift */,
			);
			path = RecipeModels;
			sourceTree = "<group>";
		};
		80326AF02C95EEED009C40C4 /* UserModels */ = {
			isa = PBXGroup;
			children = (
				802048092C94814900F07CE4 /* User.swift */,
				80326AF12C95EF26009C40C4 /* UserListConfig.swift */,
			);
			path = UserModels;
			sourceTree = "<group>";
		};
		80326AF92C97A24C009C40C4 /* Views */ = {
			isa = PBXGroup;
			children = (
				8020481F2C95031C00F07CE4 /* AuthView.swift */,
			);
			path = Views;
			sourceTree = "<group>";
		};
		80326AFA2C97A255009C40C4 /* ViewModels */ = {
			isa = PBXGroup;
			children = (
				8020481D2C9502FB00F07CE4 /* AuthViewModel.swift */,
			);
			path = ViewModels;
			sourceTree = "<group>";
		};
		80326AFB2C97A26D009C40C4 /* Views */ = {
			isa = PBXGroup;
			children = (
				802047DF2C93DF1200F07CE4 /* ContentView.swift */,
			);
			path = Views;
			sourceTree = "<group>";
		};
		80326AFC2C97A273009C40C4 /* VIewModels */ = {
			isa = PBXGroup;
			children = (
				80326AFE2C97A282009C40C4 /* ContentViewModel.swift */,
				80326AFD2C97A279009C40C4 /* ContentViewModel.swift */,
			);
			path = VIewModels;
			sourceTree = "<group>";
		};
		80326B1B2C9C9764009C40C4 /* Frameworks */ = {
			isa = PBXGroup;
			children = (
			);
			name = Frameworks;
			sourceTree = "<group>";
		};
/* End PBXGroup section */

/* Begin PBXNativeTarget section */
		802047D92C93DF1200F07CE4 /* FlavorShare_iOS */ = {
			isa = PBXNativeTarget;
			buildConfigurationList = 802047E82C93DF1400F07CE4 /* Build configuration list for PBXNativeTarget "FlavorShare_iOS" */;
			buildPhases = (
				802047D62C93DF1200F07CE4 /* Sources */,
				802047D72C93DF1200F07CE4 /* Frameworks */,
				802047D82C93DF1200F07CE4 /* Resources */,
			);
			buildRules = (
			);
			dependencies = (
			);
			name = FlavorShare_iOS;
			packageProductDependencies = (
				8020481A2C95021C00F07CE4 /* FirebaseAuth */,
				80326B022C9B5E3D009C40C4 /* SDWebImageMapKit */,
				80326B052C9B5E50009C40C4 /* SDWebImageWebPCoder */,
				80326B212C9C9AB1009C40C4 /* AWSCore */,
				80326B232C9C9AB1009C40C4 /* AWSS3 */,
				80326B252C9C9D55009C40C4 /* SDWebImage */,
			);
			productName = FlavorShare_iOS;
			productReference = 802047DA2C93DF1200F07CE4 /* FlavorShare_iOS.app */;
			productType = "com.apple.product-type.application";
		};
/* End PBXNativeTarget section */

/* Begin PBXProject section */
		802047D22C93DF1200F07CE4 /* Project object */ = {
			isa = PBXProject;
			attributes = {
				BuildIndependentTargetsInParallel = 1;
				LastSwiftUpdateCheck = 1540;
				LastUpgradeCheck = 1540;
				TargetAttributes = {
					802047D92C93DF1200F07CE4 = {
						CreatedOnToolsVersion = 15.4;
					};
				};
			};
			buildConfigurationList = 802047D52C93DF1200F07CE4 /* Build configuration list for PBXProject "FlavorShare_iOS" */;
			compatibilityVersion = "Xcode 14.0";
			developmentRegion = en;
			hasScannedForEncodings = 0;
			knownRegions = (
				en,
				Base,
			);
			mainGroup = 802047D12C93DF1200F07CE4;
			packageReferences = (
				802048192C95021C00F07CE4 /* XCRemoteSwiftPackageReference "firebase-ios-sdk" */,
				80326AFF2C9B5E3D009C40C4 /* XCRemoteSwiftPackageReference "SDWebImage" */,
				80326B042C9B5E50009C40C4 /* XCRemoteSwiftPackageReference "SDWebImageWebPCoder" */,
				80326B202C9C9AB1009C40C4 /* XCRemoteSwiftPackageReference "aws-sdk-ios-spm" */,
			);
			productRefGroup = 802047DB2C93DF1200F07CE4 /* Products */;
			projectDirPath = "";
			projectRoot = "";
			targets = (
				802047D92C93DF1200F07CE4 /* FlavorShare_iOS */,
			);
		};
/* End PBXProject section */

/* Begin PBXResourcesBuildPhase section */
		802047D82C93DF1200F07CE4 /* Resources */ = {
			isa = PBXResourcesBuildPhase;
			buildActionMask = 2147483647;
			files = (
				80326B102C9B6AD5009C40C4 /* .gitignore in Resources */,
				802047E52C93DF1400F07CE4 /* Preview Assets.xcassets in Resources */,
				802048182C9501A500F07CE4 /* GoogleService-Info.plist in Resources */,
				802047E22C93DF1400F07CE4 /* Assets.xcassets in Resources */,
				80326B0E2C9B6A1A009C40C4 /* .env in Resources */,
			);
			runOnlyForDeploymentPostprocessing = 0;
		};
/* End PBXResourcesBuildPhase section */

/* Begin PBXSourcesBuildPhase section */
		802047D62C93DF1200F07CE4 /* Sources */ = {
			isa = PBXSourcesBuildPhase;
			buildActionMask = 2147483647;
			files = (
				802048162C94A5C000F07CE4 /* RecipeEditorViewModel.swift in Sources */,
				802048062C94811D00F07CE4 /* Instruction.swift in Sources */,
				80326AF22C95EF26009C40C4 /* UserListConfig.swift in Sources */,
				802047F82C93E0FB00F07CE4 /* RecipeView.swift in Sources */,
				80326AF42C971AE8009C40C4 /* ContentViewModel.swift in Sources */,
				802048082C94814100F07CE4 /* Ingredient.swift in Sources */,
				802047E02C93DF1200F07CE4 /* ContentView.swift in Sources */,
				802048232C95042700F07CE4 /* AuthService.swift in Sources */,
				802048042C94810500F07CE4 /* NutritionalValues.swift in Sources */,
				8020481E2C9502FB00F07CE4 /* AuthViewModel.swift in Sources */,
				802048202C95031C00F07CE4 /* AuthView.swift in Sources */,
				802047FA2C93E11600F07CE4 /* RecipeListView.swift in Sources */,
				802047FE2C93E4CB00F07CE4 /* Recipe.swift in Sources */,
				80326B0A2C9B66A9009C40C4 /* ImagePicker.swift in Sources */,
				802048142C949E9500F07CE4 /* DateFormatter.swift in Sources */,
				8020480C2C94946000F07CE4 /* RecipeAPIService.swift in Sources */,
				8020480E2C94949000F07CE4 /* RecipeListViewModel.swift in Sources */,
				80326B082C9B5EBA009C40C4 /* ImageConverter.swift in Sources */,
				8063530E2C9CC5F30021AAD2 /* RemoteImageView.swift in Sources */,
				80326AF82C97A0FE009C40C4 /* MockData.swift in Sources */,
				80326B162C9C7209009C40C4 /* EnvironmentVariables.swift in Sources */,
				802048252C95055600F07CE4 /* UserAPIService.swift in Sources */,
				80326B0C2C9B6832009C40C4 /* ImageStorageService.swift in Sources */,
				802047FC2C93E12D00F07CE4 /* RecipeEditorView.swift in Sources */,
				802047DE2C93DF1200F07CE4 /* FlavorShare_iOSApp.swift in Sources */,
				8020480A2C94814900F07CE4 /* User.swift in Sources */,
			);
			runOnlyForDeploymentPostprocessing = 0;
		};
/* End PBXSourcesBuildPhase section */

/* Begin XCBuildConfiguration section */
		802047E62C93DF1400F07CE4 /* Debug */ = {
			isa = XCBuildConfiguration;
			baseConfigurationReference = 80326B112C9C5114009C40C4 /* Config.xcconfig */;
			buildSettings = {
				ALWAYS_SEARCH_USER_PATHS = NO;
				ASSETCATALOG_COMPILER_GENERATE_SWIFT_ASSET_SYMBOL_EXTENSIONS = YES;
				CLANG_ANALYZER_NONNULL = YES;
				CLANG_ANALYZER_NUMBER_OBJECT_CONVERSION = YES_AGGRESSIVE;
				CLANG_CXX_LANGUAGE_STANDARD = "gnu++20";
				CLANG_ENABLE_MODULES = YES;
				CLANG_ENABLE_OBJC_ARC = YES;
				CLANG_ENABLE_OBJC_WEAK = YES;
				CLANG_WARN_BLOCK_CAPTURE_AUTORELEASING = YES;
				CLANG_WARN_BOOL_CONVERSION = YES;
				CLANG_WARN_COMMA = YES;
				CLANG_WARN_CONSTANT_CONVERSION = YES;
				CLANG_WARN_DEPRECATED_OBJC_IMPLEMENTATIONS = YES;
				CLANG_WARN_DIRECT_OBJC_ISA_USAGE = YES_ERROR;
				CLANG_WARN_DOCUMENTATION_COMMENTS = YES;
				CLANG_WARN_EMPTY_BODY = YES;
				CLANG_WARN_ENUM_CONVERSION = YES;
				CLANG_WARN_INFINITE_RECURSION = YES;
				CLANG_WARN_INT_CONVERSION = YES;
				CLANG_WARN_NON_LITERAL_NULL_CONVERSION = YES;
				CLANG_WARN_OBJC_IMPLICIT_RETAIN_SELF = YES;
				CLANG_WARN_OBJC_LITERAL_CONVERSION = YES;
				CLANG_WARN_OBJC_ROOT_CLASS = YES_ERROR;
				CLANG_WARN_QUOTED_INCLUDE_IN_FRAMEWORK_HEADER = YES;
				CLANG_WARN_RANGE_LOOP_ANALYSIS = YES;
				CLANG_WARN_STRICT_PROTOTYPES = YES;
				CLANG_WARN_SUSPICIOUS_MOVE = YES;
				CLANG_WARN_UNGUARDED_AVAILABILITY = YES_AGGRESSIVE;
				CLANG_WARN_UNREACHABLE_CODE = YES;
				CLANG_WARN__DUPLICATE_METHOD_MATCH = YES;
				COPY_PHASE_STRIP = NO;
				DEBUG_INFORMATION_FORMAT = dwarf;
				ENABLE_STRICT_OBJC_MSGSEND = YES;
				ENABLE_TESTABILITY = YES;
				ENABLE_USER_SCRIPT_SANDBOXING = YES;
				GCC_C_LANGUAGE_STANDARD = gnu17;
				GCC_DYNAMIC_NO_PIC = NO;
				GCC_NO_COMMON_BLOCKS = YES;
				GCC_OPTIMIZATION_LEVEL = 0;
				GCC_PREPROCESSOR_DEFINITIONS = (
					"DEBUG=1",
					"$(inherited)",
				);
				GCC_WARN_64_TO_32_BIT_CONVERSION = YES;
				GCC_WARN_ABOUT_RETURN_TYPE = YES_ERROR;
				GCC_WARN_UNDECLARED_SELECTOR = YES;
				GCC_WARN_UNINITIALIZED_AUTOS = YES_AGGRESSIVE;
				GCC_WARN_UNUSED_FUNCTION = YES;
				GCC_WARN_UNUSED_VARIABLE = YES;
				IPHONEOS_DEPLOYMENT_TARGET = 17.5;
				LOCALIZATION_PREFERS_STRING_CATALOGS = YES;
				MTL_ENABLE_DEBUG_INFO = INCLUDE_SOURCE;
				MTL_FAST_MATH = YES;
				ONLY_ACTIVE_ARCH = YES;
				SDKROOT = iphoneos;
				SWIFT_ACTIVE_COMPILATION_CONDITIONS = "DEBUG $(inherited)";
				SWIFT_OPTIMIZATION_LEVEL = "-Onone";
			};
			name = Debug;
		};
		802047E72C93DF1400F07CE4 /* Release */ = {
			isa = XCBuildConfiguration;
			baseConfigurationReference = 80326B112C9C5114009C40C4 /* Config.xcconfig */;
			buildSettings = {
				ALWAYS_SEARCH_USER_PATHS = NO;
				ASSETCATALOG_COMPILER_GENERATE_SWIFT_ASSET_SYMBOL_EXTENSIONS = YES;
				CLANG_ANALYZER_NONNULL = YES;
				CLANG_ANALYZER_NUMBER_OBJECT_CONVERSION = YES_AGGRESSIVE;
				CLANG_CXX_LANGUAGE_STANDARD = "gnu++20";
				CLANG_ENABLE_MODULES = YES;
				CLANG_ENABLE_OBJC_ARC = YES;
				CLANG_ENABLE_OBJC_WEAK = YES;
				CLANG_WARN_BLOCK_CAPTURE_AUTORELEASING = YES;
				CLANG_WARN_BOOL_CONVERSION = YES;
				CLANG_WARN_COMMA = YES;
				CLANG_WARN_CONSTANT_CONVERSION = YES;
				CLANG_WARN_DEPRECATED_OBJC_IMPLEMENTATIONS = YES;
				CLANG_WARN_DIRECT_OBJC_ISA_USAGE = YES_ERROR;
				CLANG_WARN_DOCUMENTATION_COMMENTS = YES;
				CLANG_WARN_EMPTY_BODY = YES;
				CLANG_WARN_ENUM_CONVERSION = YES;
				CLANG_WARN_INFINITE_RECURSION = YES;
				CLANG_WARN_INT_CONVERSION = YES;
				CLANG_WARN_NON_LITERAL_NULL_CONVERSION = YES;
				CLANG_WARN_OBJC_IMPLICIT_RETAIN_SELF = YES;
				CLANG_WARN_OBJC_LITERAL_CONVERSION = YES;
				CLANG_WARN_OBJC_ROOT_CLASS = YES_ERROR;
				CLANG_WARN_QUOTED_INCLUDE_IN_FRAMEWORK_HEADER = YES;
				CLANG_WARN_RANGE_LOOP_ANALYSIS = YES;
				CLANG_WARN_STRICT_PROTOTYPES = YES;
				CLANG_WARN_SUSPICIOUS_MOVE = YES;
				CLANG_WARN_UNGUARDED_AVAILABILITY = YES_AGGRESSIVE;
				CLANG_WARN_UNREACHABLE_CODE = YES;
				CLANG_WARN__DUPLICATE_METHOD_MATCH = YES;
				COPY_PHASE_STRIP = NO;
				DEBUG_INFORMATION_FORMAT = "dwarf-with-dsym";
				ENABLE_NS_ASSERTIONS = NO;
				ENABLE_STRICT_OBJC_MSGSEND = YES;
				ENABLE_USER_SCRIPT_SANDBOXING = YES;
				GCC_C_LANGUAGE_STANDARD = gnu17;
				GCC_NO_COMMON_BLOCKS = YES;
				GCC_WARN_64_TO_32_BIT_CONVERSION = YES;
				GCC_WARN_ABOUT_RETURN_TYPE = YES_ERROR;
				GCC_WARN_UNDECLARED_SELECTOR = YES;
				GCC_WARN_UNINITIALIZED_AUTOS = YES_AGGRESSIVE;
				GCC_WARN_UNUSED_FUNCTION = YES;
				GCC_WARN_UNUSED_VARIABLE = YES;
				IPHONEOS_DEPLOYMENT_TARGET = 17.5;
				LOCALIZATION_PREFERS_STRING_CATALOGS = YES;
				MTL_ENABLE_DEBUG_INFO = NO;
				MTL_FAST_MATH = YES;
				SDKROOT = iphoneos;
				SWIFT_COMPILATION_MODE = wholemodule;
				VALIDATE_PRODUCT = YES;
			};
			name = Release;
		};
		802047E92C93DF1400F07CE4 /* Debug */ = {
			isa = XCBuildConfiguration;
			buildSettings = {
				ASSETCATALOG_COMPILER_APPICON_NAME = AppIcon;
				ASSETCATALOG_COMPILER_GLOBAL_ACCENT_COLOR_NAME = AccentColor;
				CODE_SIGN_STYLE = Automatic;
				CURRENT_PROJECT_VERSION = 1;
				DEVELOPMENT_ASSET_PATHS = "\"FlavorShare_iOS/Preview Content\"";
				DEVELOPMENT_TEAM = 3TTC93JXA8;
				ENABLE_PREVIEWS = YES;
				GENERATE_INFOPLIST_FILE = YES;
				INFOPLIST_FILE = "FlavorShare-iOS-Info.plist";
				INFOPLIST_KEY_CFBundleDisplayName = FlavorShare;
				INFOPLIST_KEY_LSApplicationCategoryType = "public.app-category.food-and-drink";
				INFOPLIST_KEY_UIApplicationSceneManifest_Generation = YES;
				INFOPLIST_KEY_UIApplicationSupportsIndirectInputEvents = YES;
				INFOPLIST_KEY_UILaunchScreen_Generation = YES;
				INFOPLIST_KEY_UISupportedInterfaceOrientations_iPad = "UIInterfaceOrientationPortrait UIInterfaceOrientationPortraitUpsideDown UIInterfaceOrientationLandscapeLeft UIInterfaceOrientationLandscapeRight";
				INFOPLIST_KEY_UISupportedInterfaceOrientations_iPhone = "UIInterfaceOrientationPortrait UIInterfaceOrientationLandscapeLeft UIInterfaceOrientationLandscapeRight";
				LD_RUNPATH_SEARCH_PATHS = (
					"$(inherited)",
					"@executable_path/Frameworks",
				);
				MARKETING_VERSION = 1.0;
				NEW_SETTING = "";
				PRODUCT_BUNDLE_IDENTIFIER = "FS.FlavorShare-iOS";
				PRODUCT_NAME = "$(TARGET_NAME)";
				SWIFT_EMIT_LOC_STRINGS = YES;
				SWIFT_OBJC_BRIDGING_HEADER = "";
				SWIFT_VERSION = 5.0;
				TARGETED_DEVICE_FAMILY = "1,2";
			};
			name = Debug;
		};
		802047EA2C93DF1400F07CE4 /* Release */ = {
			isa = XCBuildConfiguration;
			buildSettings = {
				ASSETCATALOG_COMPILER_APPICON_NAME = AppIcon;
				ASSETCATALOG_COMPILER_GLOBAL_ACCENT_COLOR_NAME = AccentColor;
				CODE_SIGN_STYLE = Automatic;
				CURRENT_PROJECT_VERSION = 1;
				DEVELOPMENT_ASSET_PATHS = "\"FlavorShare_iOS/Preview Content\"";
				DEVELOPMENT_TEAM = 3TTC93JXA8;
				ENABLE_PREVIEWS = YES;
				GENERATE_INFOPLIST_FILE = YES;
				INFOPLIST_FILE = "FlavorShare-iOS-Info.plist";
				INFOPLIST_KEY_CFBundleDisplayName = FlavorShare;
				INFOPLIST_KEY_LSApplicationCategoryType = "public.app-category.food-and-drink";
				INFOPLIST_KEY_UIApplicationSceneManifest_Generation = YES;
				INFOPLIST_KEY_UIApplicationSupportsIndirectInputEvents = YES;
				INFOPLIST_KEY_UILaunchScreen_Generation = YES;
				INFOPLIST_KEY_UISupportedInterfaceOrientations_iPad = "UIInterfaceOrientationPortrait UIInterfaceOrientationPortraitUpsideDown UIInterfaceOrientationLandscapeLeft UIInterfaceOrientationLandscapeRight";
				INFOPLIST_KEY_UISupportedInterfaceOrientations_iPhone = "UIInterfaceOrientationPortrait UIInterfaceOrientationLandscapeLeft UIInterfaceOrientationLandscapeRight";
				LD_RUNPATH_SEARCH_PATHS = (
					"$(inherited)",
					"@executable_path/Frameworks",
				);
				MARKETING_VERSION = 1.0;
				NEW_SETTING = "";
				PRODUCT_BUNDLE_IDENTIFIER = "FS.FlavorShare-iOS";
				PRODUCT_NAME = "$(TARGET_NAME)";
				SWIFT_EMIT_LOC_STRINGS = YES;
				SWIFT_OBJC_BRIDGING_HEADER = "";
				SWIFT_VERSION = 5.0;
				TARGETED_DEVICE_FAMILY = "1,2";
			};
			name = Release;
		};
/* End XCBuildConfiguration section */

/* Begin XCConfigurationList section */
		802047D52C93DF1200F07CE4 /* Build configuration list for PBXProject "FlavorShare_iOS" */ = {
			isa = XCConfigurationList;
			buildConfigurations = (
				802047E62C93DF1400F07CE4 /* Debug */,
				802047E72C93DF1400F07CE4 /* Release */,
			);
			defaultConfigurationIsVisible = 0;
			defaultConfigurationName = Debug;
		};
		802047E82C93DF1400F07CE4 /* Build configuration list for PBXNativeTarget "FlavorShare_iOS" */ = {
			isa = XCConfigurationList;
			buildConfigurations = (
				802047E92C93DF1400F07CE4 /* Debug */,
				802047EA2C93DF1400F07CE4 /* Release */,
			);
			defaultConfigurationIsVisible = 0;
			defaultConfigurationName = Debug;
		};
/* End XCConfigurationList section */

/* Begin XCRemoteSwiftPackageReference section */
		802048192C95021C00F07CE4 /* XCRemoteSwiftPackageReference "firebase-ios-sdk" */ = {
			isa = XCRemoteSwiftPackageReference;
			repositoryURL = "https://github.com/firebase/firebase-ios-sdk";
			requirement = {
				kind = upToNextMajorVersion;
				minimumVersion = 11.2.0;
			};
		};
		80326AFF2C9B5E3D009C40C4 /* XCRemoteSwiftPackageReference "SDWebImage" */ = {
			isa = XCRemoteSwiftPackageReference;
			repositoryURL = "https://github.com/SDWebImage/SDWebImage.git";
			requirement = {
				kind = upToNextMajorVersion;
				minimumVersion = 5.19.7;
			};
		};
		80326B042C9B5E50009C40C4 /* XCRemoteSwiftPackageReference "SDWebImageWebPCoder" */ = {
			isa = XCRemoteSwiftPackageReference;
			repositoryURL = "https://github.com/SDWebImage/SDWebImageWebPCoder";
			requirement = {
				kind = upToNextMajorVersion;
				minimumVersion = 0.14.6;
			};
		};
		80326B202C9C9AB1009C40C4 /* XCRemoteSwiftPackageReference "aws-sdk-ios-spm" */ = {
			isa = XCRemoteSwiftPackageReference;
			repositoryURL = "https://github.com/aws-amplify/aws-sdk-ios-spm";
			requirement = {
				kind = upToNextMajorVersion;
				minimumVersion = 2.37.1;
			};
		};
/* End XCRemoteSwiftPackageReference section */

/* Begin XCSwiftPackageProductDependency section */
		8020481A2C95021C00F07CE4 /* FirebaseAuth */ = {
			isa = XCSwiftPackageProductDependency;
			package = 802048192C95021C00F07CE4 /* XCRemoteSwiftPackageReference "firebase-ios-sdk" */;
			productName = FirebaseAuth;
		};
		80326B022C9B5E3D009C40C4 /* SDWebImageMapKit */ = {
			isa = XCSwiftPackageProductDependency;
			package = 80326AFF2C9B5E3D009C40C4 /* XCRemoteSwiftPackageReference "SDWebImage" */;
			productName = SDWebImageMapKit;
		};
		80326B052C9B5E50009C40C4 /* SDWebImageWebPCoder */ = {
			isa = XCSwiftPackageProductDependency;
			package = 80326B042C9B5E50009C40C4 /* XCRemoteSwiftPackageReference "SDWebImageWebPCoder" */;
			productName = SDWebImageWebPCoder;
		};
		80326B212C9C9AB1009C40C4 /* AWSCore */ = {
			isa = XCSwiftPackageProductDependency;
			package = 80326B202C9C9AB1009C40C4 /* XCRemoteSwiftPackageReference "aws-sdk-ios-spm" */;
			productName = AWSCore;
		};
		80326B232C9C9AB1009C40C4 /* AWSS3 */ = {
			isa = XCSwiftPackageProductDependency;
			package = 80326B202C9C9AB1009C40C4 /* XCRemoteSwiftPackageReference "aws-sdk-ios-spm" */;
			productName = AWSS3;
		};
		80326B252C9C9D55009C40C4 /* SDWebImage */ = {
			isa = XCSwiftPackageProductDependency;
			package = 80326AFF2C9B5E3D009C40C4 /* XCRemoteSwiftPackageReference "SDWebImage" */;
			productName = SDWebImage;
		};
/* End XCSwiftPackageProductDependency section */
	};
	rootObject = 802047D22C93DF1200F07CE4 /* Project object */;
}
